
Microsoft Visual Studio Solution File, Format Version 12.00
# Visual Studio Version 16
VisualStudioVersion = 16.0.31410.357
MinimumVisualStudioVersion = 10.0.40219.1
Project("{FAE04EC0-301F-11D3-BF4B-00C04F79EFBC}") = "BasicProgramming", "BasicProgramming.csproj", "{DDD92ECE-0E78-44DC-9E6D-52E860DAA27D}"
EndProject
Global
	GlobalSection(SolutionConfigurationPlatforms) = preSolution
		Debug|Any CPU = Debug|Any CPU
		Release|Any CPU = Release|Any CPU
	EndGlobalSection
	GlobalSection(ProjectConfigurationPlatforms) = postSolution
		{DDD92ECE-0E78-44DC-9E6D-52E860DAA27D}.Debug|Any CPU.ActiveCfg = Debug|Any CPU
		{DDD92ECE-0E78-44DC-9E6D-52E860DAA27D}.Debug|Any CPU.Build.0 = Debug|Any CPU
		{DDD92ECE-0E78-44DC-9E6D-52E860DAA27D}.Release|Any CPU.ActiveCfg = Release|Any CPU
		{DDD92ECE-0E78-44DC-9E6D-52E860DAA27D}.Release|Any CPU.Build.0 = Release|Any CPU
	EndGlobalSection
	GlobalSection(SolutionProperties) = preSolution
		HideSolutionNode = FALSE
	EndGlobalSection
	GlobalSection(ExtensibilityGlobals) = postSolution
		SolutionGuid = {992227B3-AC97-4A48-BB3A-82CBA0CFF6D1}
	EndGlobalSection
EndGlobal
